# THIS IS AN AUTOGENERATED FILE. DO NOT EDIT THIS FILE DIRECTLY.
# yarn lockfile v1


axios@^0.26.1:
  version "0.26.1"
  resolved "https://registry.yarnpkg.com/axios/-/axios-0.26.1.tgz#1ede41c51fcf51bbbd6fd43669caaa4f0495aaa9"
  integrity sha512-fPwcX4EvnSHuInCMItEhAGnaSEXRBjtzh9fOtsE6E1G6p7vl7edEeZe11QHf18+6+9gR5PbKV/sGKNaD8YaMeA==
  dependencies:
    follow-redirects "^1.14.8"

follow-redirects@^1.14.8:
  version "1.15.0"
  resolved "https://registry.yarnpkg.com/follow-redirects/-/follow-redirects-1.15.0.tgz#06441868281c86d0dda4ad8bdaead2d02dca89d4"
  integrity sha512-aExlJShTV4qOUOL7yF1U5tvLCB0xQuudbf6toyYA0E/acBNw71mvjFTnLaRp50aQaYocMR0a/RMMBIHeZnGyjQ==

yt-channel-info@^3.0.3:
  version "3.0.3"
  resolved "https://registry.yarnpkg.com/yt-channel-info/-/yt-channel-info-3.0.3.tgz#3113aa505ca7511d52c02c4a7fbd16dc7c248a5d"
  integrity sha512-M7JTFLWE+bA1t+s+H3sZ+FFV8VTaslhRFVB49I+ilBsemqAKa19EH+70uWdJrYgJQWSM5/hCSU26yBhsA8/evQ==
  dependencies:
    axios "^0.26.1"
